
Microsoft Visual Studio Solution File, Format Version 12.00
# 17
VisualStudioVersion = 17.0.31903.59
MinimumVisualStudioVersion = 10.0.40219.1
Project("{9A19103F-16F7-4668-BE54-9A1E7A4F7556}") = "WebApi", "src\WebApi\WebApi.csproj", "{9FF3C98A-5085-4EBE-A980-DB2148B0C00A}"
EndProject
Project("{2150E333-8FDC-42A3-9474-1A3956D46DE8}") = "src", "src", "{C051A684-BD6A-43F2-B0CC-F3C2315D99E3}"
EndProject
Project("{2150E333-8FDC-42A3-9474-1A3956D46DE8}") = "Solution Items", "Solution Items", "{A16251C2-47DB-4017-812B-CA18B280E049}"
	ProjectSection(SolutionItems) = preProject
		README.md = README.md
	EndProjectSection
EndProject
Global
	GlobalSection(SolutionConfigurationPlatforms) = preSolution
		Debug|Any CPU = Debug|Any CPU
		Release|Any CPU = Release|Any CPU
	EndGlobalSection
	GlobalSection(ProjectConfigurationPlatforms) = postSolution
		{9FF3C98A-5085-4EBE-A980-DB2148B0C00A}.Debug|Any CPU.ActiveCfg = Debug|Any CPU
		{9FF3C98A-5085-4EBE-A980-DB2148B0C00A}.Debug|Any CPU.Build.0 = Debug|Any CPU
		{9FF3C98A-5085-4EBE-A980-DB2148B0C00A}.Release|Any CPU.ActiveCfg = Release|Any CPU
		{9FF3C98A-5085-4EBE-A980-DB2148B0C00A}.Release|Any CPU.Build.0 = Release|Any CPU
	EndGlobalSection
	GlobalSection(SolutionProperties) = preSolution
		HideSolutionNode = FALSE
	EndGlobalSection
	GlobalSection(NestedProjects) = preSolution
		{9FF3C98A-5085-4EBE-A980-DB2148B0C00A} = {C051A684-BD6A-43F2-B0CC-F3C2315D99E3}
	EndGlobalSection
	GlobalSection(ExtensibilityGlobals) = postSolution
		SolutionGuid = {7813E32D-AE19-479C-853B-063882D2D05A}
	EndGlobalSection
EndGlobal
